
Microsoft Visual Studio Solution File, Format Version 12.00
# Visual Studio Version 16
VisualStudioVersion = 16.0.31005.135
MinimumVisualStudioVersion = 10.0.40219.1
Project("{FAE04EC0-301F-11D3-BF4B-00C04F79EFBC}") = "Reservations.Library", "ReservationPrj\Reservations.Library.csproj", "{7D948218-CA61-418E-B945-78A5678CB6F2}"
EndProject
Project("{FAE04EC0-301F-11D3-BF4B-00C04F79EFBC}") = "Reservations.Test", "Reservations.Test\Reservations.Test.csproj", "{03CFDF58-B3FB-41CE-8A23-F07A7436B98F}"
EndProject
Project("{FAE04EC0-301F-11D3-BF4B-00C04F79EFBC}") = "Reservations.Model", "Reservations.Model\Reservations.Model.csproj", "{99987D7F-ED98-4D6D-A5F3-336BE902DB2A}"
EndProject
Global
	GlobalSection(SolutionConfigurationPlatforms) = preSolution
		Debug|Any CPU = Debug|Any CPU
		Release|Any CPU = Release|Any CPU
	EndGlobalSection
	GlobalSection(ProjectConfigurationPlatforms) = postSolution
		{7D948218-CA61-418E-B945-78A5678CB6F2}.Debug|Any CPU.ActiveCfg = Debug|Any CPU
		{7D948218-CA61-418E-B945-78A5678CB6F2}.Debug|Any CPU.Build.0 = Debug|Any CPU
		{7D948218-CA61-418E-B945-78A5678CB6F2}.Release|Any CPU.ActiveCfg = Release|Any CPU
		{7D948218-CA61-418E-B945-78A5678CB6F2}.Release|Any CPU.Build.0 = Release|Any CPU
		{03CFDF58-B3FB-41CE-8A23-F07A7436B98F}.Debug|Any CPU.ActiveCfg = Debug|Any CPU
		{03CFDF58-B3FB-41CE-8A23-F07A7436B98F}.Debug|Any CPU.Build.0 = Debug|Any CPU
		{03CFDF58-B3FB-41CE-8A23-F07A7436B98F}.Release|Any CPU.ActiveCfg = Release|Any CPU
		{03CFDF58-B3FB-41CE-8A23-F07A7436B98F}.Release|Any CPU.Build.0 = Release|Any CPU
		{99987D7F-ED98-4D6D-A5F3-336BE902DB2A}.Debug|Any CPU.ActiveCfg = Debug|Any CPU
		{99987D7F-ED98-4D6D-A5F3-336BE902DB2A}.Debug|Any CPU.Build.0 = Debug|Any CPU
		{99987D7F-ED98-4D6D-A5F3-336BE902DB2A}.Release|Any CPU.ActiveCfg = Release|Any CPU
		{99987D7F-ED98-4D6D-A5F3-336BE902DB2A}.Release|Any CPU.Build.0 = Release|Any CPU
	EndGlobalSection
	GlobalSection(SolutionProperties) = preSolution
		HideSolutionNode = FALSE
	EndGlobalSection
	GlobalSection(ExtensibilityGlobals) = postSolution
		SolutionGuid = {014B953A-FC58-4411-8FE9-28B97D1AF4A3}
	EndGlobalSection
EndGlobal
